Microsoft Visual Studio Solution File, Format Version 12.00
# Visual Studio Version 17
VisualStudioVersion = 17.5.2.0
MinimumVisualStudioVersion = 10.0.40219.1
Project("{FAE04EC0-301F-11D3-BF4B-00C04F79EFBC}") = "ApexWebAPI", "ApexWebAPI.csproj", "{45D35A8C-C619-3868-D964-85A2687231A3}"
EndProject
Global
	GlobalSection(SolutionConfigurationPlatforms) = preSolution
		Debug|Any CPU = Debug|Any CPU
		Release|Any CPU = Release|Any CPU
	EndGlobalSection
	GlobalSection(ProjectConfigurationPlatforms) = postSolution
		{45D35A8C-C619-3868-D964-85A2687231A3}.Debug|Any CPU.ActiveCfg = Debug|Any CPU
		{45D35A8C-C619-3868-D964-85A2687231A3}.Debug|Any CPU.Build.0 = Debug|Any CPU
		{45D35A8C-C619-3868-D964-85A2687231A3}.Release|Any CPU.ActiveCfg = Release|Any CPU
		{45D35A8C-C619-3868-D964-85A2687231A3}.Release|Any CPU.Build.0 = Release|Any CPU
	EndGlobalSection
	GlobalSection(SolutionProperties) = preSolution
		HideSolutionNode = FALSE
	EndGlobalSection
	GlobalSection(ExtensibilityGlobals) = postSolution
		SolutionGuid = {DFB0524B-42FF-4A0C-8588-3A6388BDE803}
	EndGlobalSection
EndGlobal
